// !$*UTF8*$!
{
	archiveVersion = 1;
	classes = {
	};
	objectVersion = 56;
	objects = {

/* Begin PBXBuildFile section */
		46101D8C2BE3814000AD3B9B /* Welcome.swift in Sources */ = {isa = PBXBuildFile; fileRef = 46101D8B2BE3814000AD3B9B /* Welcome.swift */; };
		46101D8E2BE381CE00AD3B9B /* DataClass.swift in Sources */ = {isa = PBXBuildFile; fileRef = 46101D8D2BE381CE00AD3B9B /* DataClass.swift */; };
		46101D902BE381E100AD3B9B /* Coin.swift in Sources */ = {isa = PBXBuildFile; fileRef = 46101D8F2BE381E100AD3B9B /* Coin.swift */; };
		46101D922BE381FC00AD3B9B /* Stats.swift in Sources */ = {isa = PBXBuildFile; fileRef = 46101D912BE381FC00AD3B9B /* Stats.swift */; };
		46101D982BE3852C00AD3B9B /* CoinLogicProtocol.swift in Sources */ = {isa = PBXBuildFile; fileRef = 46101D972BE3852B00AD3B9B /* CoinLogicProtocol.swift */; };
		46101D9A2BE389E500AD3B9B /* Router.swift in Sources */ = {isa = PBXBuildFile; fileRef = 46101D992BE389E500AD3B9B /* Router.swift */; };
		46101D9D2BE38B4900AD3B9B /* Alamofire in Frameworks */ = {isa = PBXBuildFile; productRef = 46101D9C2BE38B4900AD3B9B /* Alamofire */; };
		46101D9F2BE38B4900AD3B9B /* AlamofireDynamic in Frameworks */ = {isa = PBXBuildFile; productRef = 46101D9E2BE38B4900AD3B9B /* AlamofireDynamic */; };
		46101DA12BE38C4600AD3B9B /* Webservice.swift in Sources */ = {isa = PBXBuildFile; fileRef = 46101DA02BE38C4600AD3B9B /* Webservice.swift */; };
		46101DA32BE38C7B00AD3B9B /* CoinLogic.swift in Sources */ = {isa = PBXBuildFile; fileRef = 46101DA22BE38C7B00AD3B9B /* CoinLogic.swift */; };
		4610453C2BE37C850096CC90 /* AppDelegate.swift in Sources */ = {isa = PBXBuildFile; fileRef = 4610453B2BE37C850096CC90 /* AppDelegate.swift */; };
		4610453E2BE37C850096CC90 /* SceneDelegate.swift in Sources */ = {isa = PBXBuildFile; fileRef = 4610453D2BE37C850096CC90 /* SceneDelegate.swift */; };
		461045402BE37C850096CC90 /* ViewController.swift in Sources */ = {isa = PBXBuildFile; fileRef = 4610453F2BE37C850096CC90 /* ViewController.swift */; };
		461045432BE37C850096CC90 /* Base in Resources */ = {isa = PBXBuildFile; fileRef = 461045422BE37C850096CC90 /* Base */; };
		461045462BE37C850096CC90 /* CoinTakip.xcdatamodeld in Sources */ = {isa = PBXBuildFile; fileRef = 461045442BE37C850096CC90 /* CoinTakip.xcdatamodeld */; };
		461045482BE37C880096CC90 /* Assets.xcassets in Resources */ = {isa = PBXBuildFile; fileRef = 461045472BE37C880096CC90 /* Assets.xcassets */; };
		4610454B2BE37C880096CC90 /* Base in Resources */ = {isa = PBXBuildFile; fileRef = 4610454A2BE37C880096CC90 /* Base */; };
		461045562BE37C880096CC90 /* CoinTakipTests.swift in Sources */ = {isa = PBXBuildFile; fileRef = 461045552BE37C880096CC90 /* CoinTakipTests.swift */; };
		461045602BE37C880096CC90 /* CoinTakipUITests.swift in Sources */ = {isa = PBXBuildFile; fileRef = 4610455F2BE37C880096CC90 /* CoinTakipUITests.swift */; };
		461045622BE37C880096CC90 /* CoinTakipUITestsLaunchTests.swift in Sources */ = {isa = PBXBuildFile; fileRef = 461045612BE37C880096CC90 /* CoinTakipUITestsLaunchTests.swift */; };
		4645C2FA2BE4D64A00F4D941 /* DetailViewController.swift in Sources */ = {isa = PBXBuildFile; fileRef = 4645C2F92BE4D64A00F4D941 /* DetailViewController.swift */; };
		4645C2FD2BE78F7700F4D941 /* CoinView.swift in Sources */ = {isa = PBXBuildFile; fileRef = 4645C2FC2BE78F7700F4D941 /* CoinView.swift */; };
		4645C2FF2BE78F9200F4D941 /* CoinView.xib in Resources */ = {isa = PBXBuildFile; fileRef = 4645C2FE2BE78F9200F4D941 /* CoinView.xib */; };
		4645C3012BE7991700F4D941 /* String + Ext.swift in Sources */ = {isa = PBXBuildFile; fileRef = 4645C3002BE7991700F4D941 /* String + Ext.swift */; };
		4645C3042BE7A8F300F4D941 /* HeaderView.xib in Resources */ = {isa = PBXBuildFile; fileRef = 4645C3032BE7A8F300F4D941 /* HeaderView.xib */; };
		4645C3052BE7A8F300F4D941 /* HeaderView.swift in Sources */ = {isa = PBXBuildFile; fileRef = 4645C3022BE7A8F300F4D941 /* HeaderView.swift */; };
		4645C3072BE8B2F700F4D941 /* UILabel + Ext.swift in Sources */ = {isa = PBXBuildFile; fileRef = 4645C3062BE8B2F700F4D941 /* UILabel + Ext.swift */; };
		4645C3092BE8BCA200F4D941 /* CoinDetailView.swift in Sources */ = {isa = PBXBuildFile; fileRef = 4645C3082BE8BCA200F4D941 /* CoinDetailView.swift */; };
		4645C30B2BE8BCB500F4D941 /* CoinDetailView.xib in Resources */ = {isa = PBXBuildFile; fileRef = 4645C30A2BE8BCB500F4D941 /* CoinDetailView.xib */; };
		4645C30D2BE8EA2A00F4D941 /* LineGraphView.swift in Sources */ = {isa = PBXBuildFile; fileRef = 4645C30C2BE8EA2A00F4D941 /* LineGraphView.swift */; };
		468FD26E2BE39DC500F582F5 /* CoinCell.swift in Sources */ = {isa = PBXBuildFile; fileRef = 468FD26C2BE39DC500F582F5 /* CoinCell.swift */; };
		468FD26F2BE39DC500F582F5 /* CoinCell.xib in Resources */ = {isa = PBXBuildFile; fileRef = 468FD26D2BE39DC500F582F5 /* CoinCell.xib */; };
		468FD2722BE39EA700F582F5 /* Kingfisher in Frameworks */ = {isa = PBXBuildFile; productRef = 468FD2712BE39EA700F582F5 /* Kingfisher */; };
		468FD2752BE3B63E00F582F5 /* SVGKit in Frameworks */ = {isa = PBXBuildFile; productRef = 468FD2742BE3B63E00F582F5 /* SVGKit */; };
		468FD2772BE3B63E00F582F5 /* SVGKitSwift in Frameworks */ = {isa = PBXBuildFile; productRef = 468FD2762BE3B63E00F582F5 /* SVGKitSwift */; };
		468FD27A2BE3B66B00F582F5 /* UIImageView + Ext.swift in Sources */ = {isa = PBXBuildFile; fileRef = 468FD2792BE3B66B00F582F5 /* UIImageView + Ext.swift */; };
		46B8A84B2BEBB5920036FB5C /* CoreDataManager.swift in Sources */ = {isa = PBXBuildFile; fileRef = 46B8A84A2BEBB5920036FB5C /* CoreDataManager.swift */; };
		46B8A84D2BECCA2E0036FB5C /* CoinStatistics.swift in Sources */ = {isa = PBXBuildFile; fileRef = 46B8A84C2BECCA2D0036FB5C /* CoinStatistics.swift */; };
		46B8A84F2BECCA6C0036FB5C /* CoinStatistics.xib in Resources */ = {isa = PBXBuildFile; fileRef = 46B8A84E2BECCA6C0036FB5C /* CoinStatistics.xib */; };
		46B8A8512BECE2950036FB5C /* Int+ Ext.swift in Sources */ = {isa = PBXBuildFile; fileRef = 46B8A8502BECE2950036FB5C /* Int+ Ext.swift */; };
		46B8A8532BECE98F0036FB5C /* DetailHeaderView.swift in Sources */ = {isa = PBXBuildFile; fileRef = 46B8A8522BECE98F0036FB5C /* DetailHeaderView.swift */; };
		46B8A8552BECE99A0036FB5C /* DetailHeaderView.xib in Resources */ = {isa = PBXBuildFile; fileRef = 46B8A8542BECE99A0036FB5C /* DetailHeaderView.xib */; };
		46B8A8582BEE04820036FB5C /* SortCriteria.swift in Sources */ = {isa = PBXBuildFile; fileRef = 46B8A8572BEE04820036FB5C /* SortCriteria.swift */; };
		46B8A85A2BEE120B0036FB5C /* UIViewController+Ext.swift in Sources */ = {isa = PBXBuildFile; fileRef = 46B8A8592BEE120B0036FB5C /* UIViewController+Ext.swift */; };
		46B8A85C2BEE42160036FB5C /* Notification + Ext.swift in Sources */ = {isa = PBXBuildFile; fileRef = 46B8A85B2BEE42160036FB5C /* Notification + Ext.swift */; };
/* End PBXBuildFile section */

/* Begin PBXContainerItemProxy section */
		461045522BE37C880096CC90 /* PBXContainerItemProxy */ = {
			isa = PBXContainerItemProxy;
			containerPortal = 461045302BE37C850096CC90 /* Project object */;
			proxyType = 1;
			remoteGlobalIDString = 461045372BE37C850096CC90;
			remoteInfo = CoinTakip;
		};
		4610455C2BE37C880096CC90 /* PBXContainerItemProxy */ = {
			isa = PBXContainerItemProxy;
			containerPortal = 461045302BE37C850096CC90 /* Project object */;
			proxyType = 1;
			remoteGlobalIDString = 461045372BE37C850096CC90;
			remoteInfo = CoinTakip;
		};
/* End PBXContainerItemProxy section */

/* Begin PBXFileReference section */
		46101D8B2BE3814000AD3B9B /* Welcome.swift */ = {isa = PBXFileReference; lastKnownFileType = sourcecode.swift; path = Welcome.swift; sourceTree = "<group>"; };
		46101D8D2BE381CE00AD3B9B /* DataClass.swift */ = {isa = PBXFileReference; lastKnownFileType = sourcecode.swift; path = DataClass.swift; sourceTree = "<group>"; };
		46101D8F2BE381E100AD3B9B /* Coin.swift */ = {isa = PBXFileReference; lastKnownFileType = sourcecode.swift; path = Coin.swift; sourceTree = "<group>"; };
		46101D912BE381FC00AD3B9B /* Stats.swift */ = {isa = PBXFileReference; lastKnownFileType = sourcecode.swift; path = Stats.swift; sourceTree = "<group>"; };
		46101D972BE3852B00AD3B9B /* CoinLogicProtocol.swift */ = {isa = PBXFileReference; lastKnownFileType = sourcecode.swift; path = CoinLogicProtocol.swift; sourceTree = "<group>"; };
		46101D992BE389E500AD3B9B /* Router.swift */ = {isa = PBXFileReference; lastKnownFileType = sourcecode.swift; path = Router.swift; sourceTree = "<group>"; };
		46101DA02BE38C4600AD3B9B /* Webservice.swift */ = {isa = PBXFileReference; lastKnownFileType = sourcecode.swift; path = Webservice.swift; sourceTree = "<group>"; };
		46101DA22BE38C7B00AD3B9B /* CoinLogic.swift */ = {isa = PBXFileReference; lastKnownFileType = sourcecode.swift; path = CoinLogic.swift; sourceTree = "<group>"; };
		461045382BE37C850096CC90 /* CoinTakip.app */ = {isa = PBXFileReference; explicitFileType = wrapper.application; includeInIndex = 0; path = CoinTakip.app; sourceTree = BUILT_PRODUCTS_DIR; };
		4610453B2BE37C850096CC90 /* AppDelegate.swift */ = {isa = PBXFileReference; lastKnownFileType = sourcecode.swift; path = AppDelegate.swift; sourceTree = "<group>"; };
		4610453D2BE37C850096CC90 /* SceneDelegate.swift */ = {isa = PBXFileReference; lastKnownFileType = sourcecode.swift; path = SceneDelegate.swift; sourceTree = "<group>"; };
		4610453F2BE37C850096CC90 /* ViewController.swift */ = {isa = PBXFileReference; lastKnownFileType = sourcecode.swift; path = ViewController.swift; sourceTree = "<group>"; };
		461045422BE37C850096CC90 /* Base */ = {isa = PBXFileReference; lastKnownFileType = file.storyboard; name = Base; path = Base.lproj/Main.storyboard; sourceTree = "<group>"; };
		461045452BE37C850096CC90 /* CoinTakip.xcdatamodel */ = {isa = PBXFileReference; lastKnownFileType = wrapper.xcdatamodel; path = CoinTakip.xcdatamodel; sourceTree = "<group>"; };
		461045472BE37C880096CC90 /* Assets.xcassets */ = {isa = PBXFileReference; lastKnownFileType = folder.assetcatalog; path = Assets.xcassets; sourceTree = "<group>"; };
		4610454A2BE37C880096CC90 /* Base */ = {isa = PBXFileReference; lastKnownFileType = file.storyboard; name = Base; path = Base.lproj/LaunchScreen.storyboard; sourceTree = "<group>"; };
		4610454C2BE37C880096CC90 /* Info.plist */ = {isa = PBXFileReference; lastKnownFileType = text.plist.xml; path = Info.plist; sourceTree = "<group>"; };
		461045512BE37C880096CC90 /* CoinTakipTests.xctest */ = {isa = PBXFileReference; explicitFileType = wrapper.cfbundle; includeInIndex = 0; path = CoinTakipTests.xctest; sourceTree = BUILT_PRODUCTS_DIR; };
		461045552BE37C880096CC90 /* CoinTakipTests.swift */ = {isa = PBXFileReference; lastKnownFileType = sourcecode.swift; path = CoinTakipTests.swift; sourceTree = "<group>"; };
		4610455B2BE37C880096CC90 /* CoinTakipUITests.xctest */ = {isa = PBXFileReference; explicitFileType = wrapper.cfbundle; includeInIndex = 0; path = CoinTakipUITests.xctest; sourceTree = BUILT_PRODUCTS_DIR; };
		4610455F2BE37C880096CC90 /* CoinTakipUITests.swift */ = {isa = PBXFileReference; lastKnownFileType = sourcecode.swift; path = CoinTakipUITests.swift; sourceTree = "<group>"; };
		461045612BE37C880096CC90 /* CoinTakipUITestsLaunchTests.swift */ = {isa = PBXFileReference; lastKnownFileType = sourcecode.swift; path = CoinTakipUITestsLaunchTests.swift; sourceTree = "<group>"; };
		4645C2F92BE4D64A00F4D941 /* DetailViewController.swift */ = {isa = PBXFileReference; lastKnownFileType = sourcecode.swift; path = DetailViewController.swift; sourceTree = "<group>"; };
		4645C2FC2BE78F7700F4D941 /* CoinView.swift */ = {isa = PBXFileReference; lastKnownFileType = sourcecode.swift; path = CoinView.swift; sourceTree = "<group>"; };
		4645C2FE2BE78F9200F4D941 /* CoinView.xib */ = {isa = PBXFileReference; lastKnownFileType = file.xib; path = CoinView.xib; sourceTree = "<group>"; };
		4645C3002BE7991700F4D941 /* String + Ext.swift */ = {isa = PBXFileReference; lastKnownFileType = sourcecode.swift; path = "String + Ext.swift"; sourceTree = "<group>"; };
		4645C3022BE7A8F300F4D941 /* HeaderView.swift */ = {isa = PBXFileReference; lastKnownFileType = sourcecode.swift; path = HeaderView.swift; sourceTree = "<group>"; };
		4645C3032BE7A8F300F4D941 /* HeaderView.xib */ = {isa = PBXFileReference; lastKnownFileType = file.xib; path = HeaderView.xib; sourceTree = "<group>"; };
		4645C3062BE8B2F700F4D941 /* UILabel + Ext.swift */ = {isa = PBXFileReference; lastKnownFileType = sourcecode.swift; path = "UILabel + Ext.swift"; sourceTree = "<group>"; };
		4645C3082BE8BCA200F4D941 /* CoinDetailView.swift */ = {isa = PBXFileReference; lastKnownFileType = sourcecode.swift; path = CoinDetailView.swift; sourceTree = "<group>"; };
		4645C30A2BE8BCB500F4D941 /* CoinDetailView.xib */ = {isa = PBXFileReference; lastKnownFileType = file.xib; path = CoinDetailView.xib; sourceTree = "<group>"; };
		4645C30C2BE8EA2A00F4D941 /* LineGraphView.swift */ = {isa = PBXFileReference; lastKnownFileType = sourcecode.swift; path = LineGraphView.swift; sourceTree = "<group>"; };
		468FD26C2BE39DC500F582F5 /* CoinCell.swift */ = {isa = PBXFileReference; lastKnownFileType = sourcecode.swift; path = CoinCell.swift; sourceTree = "<group>"; };
		468FD26D2BE39DC500F582F5 /* CoinCell.xib */ = {isa = PBXFileReference; lastKnownFileType = file.xib; path = CoinCell.xib; sourceTree = "<group>"; };
		468FD2792BE3B66B00F582F5 /* UIImageView + Ext.swift */ = {isa = PBXFileReference; lastKnownFileType = sourcecode.swift; path = "UIImageView + Ext.swift"; sourceTree = "<group>"; };
		46B8A84A2BEBB5920036FB5C /* CoreDataManager.swift */ = {isa = PBXFileReference; lastKnownFileType = sourcecode.swift; path = CoreDataManager.swift; sourceTree = "<group>"; };
		46B8A84C2BECCA2D0036FB5C /* CoinStatistics.swift */ = {isa = PBXFileReference; lastKnownFileType = sourcecode.swift; path = CoinStatistics.swift; sourceTree = "<group>"; };
		46B8A84E2BECCA6C0036FB5C /* CoinStatistics.xib */ = {isa = PBXFileReference; lastKnownFileType = file.xib; path = CoinStatistics.xib; sourceTree = "<group>"; };
		46B8A8502BECE2950036FB5C /* Int+ Ext.swift */ = {isa = PBXFileReference; lastKnownFileType = sourcecode.swift; path = "Int+ Ext.swift"; sourceTree = "<group>"; };
		46B8A8522BECE98F0036FB5C /* DetailHeaderView.swift */ = {isa = PBXFileReference; lastKnownFileType = sourcecode.swift; path = DetailHeaderView.swift; sourceTree = "<group>"; };
		46B8A8542BECE99A0036FB5C /* DetailHeaderView.xib */ = {isa = PBXFileReference; lastKnownFileType = file.xib; path = DetailHeaderView.xib; sourceTree = "<group>"; };
		46B8A8572BEE04820036FB5C /* SortCriteria.swift */ = {isa = PBXFileReference; lastKnownFileType = sourcecode.swift; path = SortCriteria.swift; sourceTree = "<group>"; };
		46B8A8592BEE120B0036FB5C /* UIViewController+Ext.swift */ = {isa = PBXFileReference; lastKnownFileType = sourcecode.swift; path = "UIViewController+Ext.swift"; sourceTree = "<group>"; };
		46B8A85B2BEE42160036FB5C /* Notification + Ext.swift */ = {isa = PBXFileReference; lastKnownFileType = sourcecode.swift; path = "Notification + Ext.swift"; sourceTree = "<group>"; };
/* End PBXFileReference section */

/* Begin PBXFrameworksBuildPhase section */
		461045352BE37C850096CC90 /* Frameworks */ = {
			isa = PBXFrameworksBuildPhase;
			buildActionMask = 2147483647;
			files = (
				468FD2722BE39EA700F582F5 /* Kingfisher in Frameworks */,
				46101D9D2BE38B4900AD3B9B /* Alamofire in Frameworks */,
				468FD2772BE3B63E00F582F5 /* SVGKitSwift in Frameworks */,
				468FD2752BE3B63E00F582F5 /* SVGKit in Frameworks */,
				46101D9F2BE38B4900AD3B9B /* AlamofireDynamic in Frameworks */,
			);
			runOnlyForDeploymentPostprocessing = 0;
		};
		4610454E2BE37C880096CC90 /* Frameworks */ = {
			isa = PBXFrameworksBuildPhase;
			buildActionMask = 2147483647;
			files = (
			);
			runOnlyForDeploymentPostprocessing = 0;
		};
		461045582BE37C880096CC90 /* Frameworks */ = {
			isa = PBXFrameworksBuildPhase;
			buildActionMask = 2147483647;
			files = (
			);
			runOnlyForDeploymentPostprocessing = 0;
		};
/* End PBXFrameworksBuildPhase section */

/* Begin PBXGroup section */
		46101D8A2BE3810800AD3B9B /* Models */ = {
			isa = PBXGroup;
			children = (
				46101D8B2BE3814000AD3B9B /* Welcome.swift */,
				46101D8D2BE381CE00AD3B9B /* DataClass.swift */,
				46101D8F2BE381E100AD3B9B /* Coin.swift */,
				46101D912BE381FC00AD3B9B /* Stats.swift */,
			);
			path = Models;
			sourceTree = "<group>";
		};
		46101D932BE382CA00AD3B9B /* Views */ = {
			isa = PBXGroup;
			children = (
				4645C2FB2BE4D75200F4D941 /* CustomViews */,
				468FD26B2BE39DA800F582F5 /* Cells */,
			);
			path = Views;
			sourceTree = "<group>";
		};
		46101D952BE382E500AD3B9B /* Controllers */ = {
			isa = PBXGroup;
			children = (
				4610453F2BE37C850096CC90 /* ViewController.swift */,
				4645C2F92BE4D64A00F4D941 /* DetailViewController.swift */,
			);
			path = Controllers;
			sourceTree = "<group>";
		};
		46101D962BE3850400AD3B9B /* Network */ = {
			isa = PBXGroup;
			children = (
				46101D972BE3852B00AD3B9B /* CoinLogicProtocol.swift */,
				46101D992BE389E500AD3B9B /* Router.swift */,
				46101DA02BE38C4600AD3B9B /* Webservice.swift */,
				46101DA22BE38C7B00AD3B9B /* CoinLogic.swift */,
			);
			path = Network;
			sourceTree = "<group>";
		};
		4610452F2BE37C850096CC90 = {
			isa = PBXGroup;
			children = (
				4610453A2BE37C850096CC90 /* CoinTakip */,
				461045542BE37C880096CC90 /* CoinTakipTests */,
				4610455E2BE37C880096CC90 /* CoinTakipUITests */,
				461045392BE37C850096CC90 /* Products */,
			);
			sourceTree = "<group>";
		};
		461045392BE37C850096CC90 /* Products */ = {
			isa = PBXGroup;
			children = (
				461045382BE37C850096CC90 /* CoinTakip.app */,
				461045512BE37C880096CC90 /* CoinTakipTests.xctest */,
				4610455B2BE37C880096CC90 /* CoinTakipUITests.xctest */,
			);
			name = Products;
			sourceTree = "<group>";
		};
		4610453A2BE37C850096CC90 /* CoinTakip */ = {
			isa = PBXGroup;
			children = (
				46B8A8492BEBB57A0036FB5C /* Utilities */,
				468FD2782BE3B65200F582F5 /* Extension */,
				46101D962BE3850400AD3B9B /* Network */,
				46101D952BE382E500AD3B9B /* Controllers */,
				46101D932BE382CA00AD3B9B /* Views */,
				46101D8A2BE3810800AD3B9B /* Models */,
				4610453B2BE37C850096CC90 /* AppDelegate.swift */,
				4610453D2BE37C850096CC90 /* SceneDelegate.swift */,
				461045412BE37C850096CC90 /* Main.storyboard */,
				461045472BE37C880096CC90 /* Assets.xcassets */,
				461045492BE37C880096CC90 /* LaunchScreen.storyboard */,
				4610454C2BE37C880096CC90 /* Info.plist */,
				461045442BE37C850096CC90 /* CoinTakip.xcdatamodeld */,
			);
			path = CoinTakip;
			sourceTree = "<group>";
		};
		461045542BE37C880096CC90 /* CoinTakipTests */ = {
			isa = PBXGroup;
			children = (
				461045552BE37C880096CC90 /* CoinTakipTests.swift */,
			);
			path = CoinTakipTests;
			sourceTree = "<group>";
		};
		4610455E2BE37C880096CC90 /* CoinTakipUITests */ = {
			isa = PBXGroup;
			children = (
				4610455F2BE37C880096CC90 /* CoinTakipUITests.swift */,
				461045612BE37C880096CC90 /* CoinTakipUITestsLaunchTests.swift */,
			);
			path = CoinTakipUITests;
			sourceTree = "<group>";
		};
		4645C2FB2BE4D75200F4D941 /* CustomViews */ = {
			isa = PBXGroup;
			children = (
				4645C2FC2BE78F7700F4D941 /* CoinView.swift */,
				4645C2FE2BE78F9200F4D941 /* CoinView.xib */,
				4645C3022BE7A8F300F4D941 /* HeaderView.swift */,
				4645C3032BE7A8F300F4D941 /* HeaderView.xib */,
				4645C3082BE8BCA200F4D941 /* CoinDetailView.swift */,
				4645C30A2BE8BCB500F4D941 /* CoinDetailView.xib */,
				4645C30C2BE8EA2A00F4D941 /* LineGraphView.swift */,
				46B8A84C2BECCA2D0036FB5C /* CoinStatistics.swift */,
				46B8A84E2BECCA6C0036FB5C /* CoinStatistics.xib */,
				46B8A8522BECE98F0036FB5C /* DetailHeaderView.swift */,
				46B8A8542BECE99A0036FB5C /* DetailHeaderView.xib */,
			);
			path = CustomViews;
			sourceTree = "<group>";
		};
		468FD26B2BE39DA800F582F5 /* Cells */ = {
			isa = PBXGroup;
			children = (
				468FD26C2BE39DC500F582F5 /* CoinCell.swift */,
				468FD26D2BE39DC500F582F5 /* CoinCell.xib */,
			);
			path = Cells;
			sourceTree = "<group>";
		};
		468FD2782BE3B65200F582F5 /* Extension */ = {
			isa = PBXGroup;
			children = (
				46B8A8562BEE04640036FB5C /* Enums */,
				468FD2792BE3B66B00F582F5 /* UIImageView + Ext.swift */,
				46B8A85B2BEE42160036FB5C /* Notification + Ext.swift */,
				4645C3002BE7991700F4D941 /* String + Ext.swift */,
				4645C3062BE8B2F700F4D941 /* UILabel + Ext.swift */,
				46B8A8502BECE2950036FB5C /* Int+ Ext.swift */,
				46B8A8592BEE120B0036FB5C /* UIViewController+Ext.swift */,
			);
			path = Extension;
			sourceTree = "<group>";
		};
		46B8A8492BEBB57A0036FB5C /* Utilities */ = {
			isa = PBXGroup;
			children = (
				46B8A84A2BEBB5920036FB5C /* CoreDataManager.swift */,
			);
			path = Utilities;
			sourceTree = "<group>";
		};
		46B8A8562BEE04640036FB5C /* Enums */ = {
			isa = PBXGroup;
			children = (
				46B8A8572BEE04820036FB5C /* SortCriteria.swift */,
			);
			path = Enums;
			sourceTree = "<group>";
		};
/* End PBXGroup section */

/* Begin PBXNativeTarget section */
		461045372BE37C850096CC90 /* CoinTakip */ = {
			isa = PBXNativeTarget;
			buildConfigurationList = 461045652BE37C880096CC90 /* Build configuration list for PBXNativeTarget "CoinTakip" */;
			buildPhases = (
				461045342BE37C850096CC90 /* Sources */,
				461045352BE37C850096CC90 /* Frameworks */,
				461045362BE37C850096CC90 /* Resources */,
			);
			buildRules = (
			);
			dependencies = (
			);
			name = CoinTakip;
			packageProductDependencies = (
				46101D9C2BE38B4900AD3B9B /* Alamofire */,
				46101D9E2BE38B4900AD3B9B /* AlamofireDynamic */,
				468FD2712BE39EA700F582F5 /* Kingfisher */,
				468FD2742BE3B63E00F582F5 /* SVGKit */,
				468FD2762BE3B63E00F582F5 /* SVGKitSwift */,
			);
			productName = CoinTakip;
			productReference = 461045382BE37C850096CC90 /* CoinTakip.app */;
			productType = "com.apple.product-type.application";
		};
		461045502BE37C880096CC90 /* CoinTakipTests */ = {
			isa = PBXNativeTarget;
			buildConfigurationList = 461045682BE37C880096CC90 /* Build configuration list for PBXNativeTarget "CoinTakipTests" */;
			buildPhases = (
				4610454D2BE37C880096CC90 /* Sources */,
				4610454E2BE37C880096CC90 /* Frameworks */,
				4610454F2BE37C880096CC90 /* Resources */,
			);
			buildRules = (
			);
			dependencies = (
				461045532BE37C880096CC90 /* PBXTargetDependency */,
			);
			name = CoinTakipTests;
			productName = CoinTakipTests;
			productReference = 461045512BE37C880096CC90 /* CoinTakipTests.xctest */;
			productType = "com.apple.product-type.bundle.unit-test";
		};
		4610455A2BE37C880096CC90 /* CoinTakipUITests */ = {
			isa = PBXNativeTarget;
			buildConfigurationList = 4610456B2BE37C880096CC90 /* Build configuration list for PBXNativeTarget "CoinTakipUITests" */;
			buildPhases = (
				461045572BE37C880096CC90 /* Sources */,
				461045582BE37C880096CC90 /* Frameworks */,
				461045592BE37C880096CC90 /* Resources */,
			);
			buildRules = (
			);
			dependencies = (
				4610455D2BE37C880096CC90 /* PBXTargetDependency */,
			);
			name = CoinTakipUITests;
			productName = CoinTakipUITests;
			productReference = 4610455B2BE37C880096CC90 /* CoinTakipUITests.xctest */;
			productType = "com.apple.product-type.bundle.ui-testing";
		};
/* End PBXNativeTarget section */

/* Begin PBXProject section */
		461045302BE37C850096CC90 /* Project object */ = {
			isa = PBXProject;
			attributes = {
				BuildIndependentTargetsInParallel = 1;
				LastSwiftUpdateCheck = 1530;
				LastUpgradeCheck = 1530;
				TargetAttributes = {
					461045372BE37C850096CC90 = {
						CreatedOnToolsVersion = 15.3;
					};
					461045502BE37C880096CC90 = {
						CreatedOnToolsVersion = 15.3;
						TestTargetID = 461045372BE37C850096CC90;
					};
					4610455A2BE37C880096CC90 = {
						CreatedOnToolsVersion = 15.3;
						TestTargetID = 461045372BE37C850096CC90;
					};
				};
			};
			buildConfigurationList = 461045332BE37C850096CC90 /* Build configuration list for PBXProject "CoinTakip" */;
			compatibilityVersion = "Xcode 14.0";
			developmentRegion = en;
			hasScannedForEncodings = 0;
			knownRegions = (
				en,
				Base,
			);
			mainGroup = 4610452F2BE37C850096CC90;
			packageReferences = (
				46101D9B2BE38B4900AD3B9B /* XCRemoteSwiftPackageReference "Alamofire" */,
				468FD2702BE39EA700F582F5 /* XCRemoteSwiftPackageReference "Kingfisher" */,
				468FD2732BE3B63E00F582F5 /* XCRemoteSwiftPackageReference "SVGKit" */,
			);
			productRefGroup = 461045392BE37C850096CC90 /* Products */;
			projectDirPath = "";
			projectRoot = "";
			targets = (
				461045372BE37C850096CC90 /* CoinTakip */,
				461045502BE37C880096CC90 /* CoinTakipTests */,
				4610455A2BE37C880096CC90 /* CoinTakipUITests */,
			);
		};
/* End PBXProject section */

/* Begin PBXResourcesBuildPhase section */
		461045362BE37C850096CC90 /* Resources */ = {
			isa = PBXResourcesBuildPhase;
			buildActionMask = 2147483647;
			files = (
				461045482BE37C880096CC90 /* Assets.xcassets in Resources */,
				4610454B2BE37C880096CC90 /* Base in Resources */,
				4645C2FF2BE78F9200F4D941 /* CoinView.xib in Resources */,
				46B8A8552BECE99A0036FB5C /* DetailHeaderView.xib in Resources */,
				4645C3042BE7A8F300F4D941 /* HeaderView.xib in Resources */,
				4645C30B2BE8BCB500F4D941 /* CoinDetailView.xib in Resources */,
				468FD26F2BE39DC500F582F5 /* CoinCell.xib in Resources */,
				461045432BE37C850096CC90 /* Base in Resources */,
				46B8A84F2BECCA6C0036FB5C /* CoinStatistics.xib in Resources */,
			);
			runOnlyForDeploymentPostprocessing = 0;
		};
		4610454F2BE37C880096CC90 /* Resources */ = {
			isa = PBXResourcesBuildPhase;
			buildActionMask = 2147483647;
			files = (
			);
			runOnlyForDeploymentPostprocessing = 0;
		};
		461045592BE37C880096CC90 /* Resources */ = {
			isa = PBXResourcesBuildPhase;
			buildActionMask = 2147483647;
			files = (
			);
			runOnlyForDeploymentPostprocessing = 0;
		};
/* End PBXResourcesBuildPhase section */

/* Begin PBXSourcesBuildPhase section */
		461045342BE37C850096CC90 /* Sources */ = {
			isa = PBXSourcesBuildPhase;
			buildActionMask = 2147483647;
			files = (
				46101D8E2BE381CE00AD3B9B /* DataClass.swift in Sources */,
				4645C3052BE7A8F300F4D941 /* HeaderView.swift in Sources */,
				461045462BE37C850096CC90 /* CoinTakip.xcdatamodeld in Sources */,
				46101D9A2BE389E500AD3B9B /* Router.swift in Sources */,
				46B8A8532BECE98F0036FB5C /* DetailHeaderView.swift in Sources */,
				46101D8C2BE3814000AD3B9B /* Welcome.swift in Sources */,
				46101DA12BE38C4600AD3B9B /* Webservice.swift in Sources */,
				46101DA32BE38C7B00AD3B9B /* CoinLogic.swift in Sources */,
				46B8A84D2BECCA2E0036FB5C /* CoinStatistics.swift in Sources */,
				461045402BE37C850096CC90 /* ViewController.swift in Sources */,
				4610453C2BE37C850096CC90 /* AppDelegate.swift in Sources */,
				4645C3012BE7991700F4D941 /* String + Ext.swift in Sources */,
				46B8A84B2BEBB5920036FB5C /* CoreDataManager.swift in Sources */,
				468FD27A2BE3B66B00F582F5 /* UIImageView + Ext.swift in Sources */,
				46101D922BE381FC00AD3B9B /* Stats.swift in Sources */,
				4645C3072BE8B2F700F4D941 /* UILabel + Ext.swift in Sources */,
				4610453E2BE37C850096CC90 /* SceneDelegate.swift in Sources */,
				46B8A8512BECE2950036FB5C /* Int+ Ext.swift in Sources */,
				46101D902BE381E100AD3B9B /* Coin.swift in Sources */,
				4645C2FA2BE4D64A00F4D941 /* DetailViewController.swift in Sources */,
				4645C2FD2BE78F7700F4D941 /* CoinView.swift in Sources */,
				468FD26E2BE39DC500F582F5 /* CoinCell.swift in Sources */,
				4645C3092BE8BCA200F4D941 /* CoinDetailView.swift in Sources */,
				46101D982BE3852C00AD3B9B /* CoinLogicProtocol.swift in Sources */,
				46B8A8582BEE04820036FB5C /* SortCriteria.swift in Sources */,
				4645C30D2BE8EA2A00F4D941 /* LineGraphView.swift in Sources */,
				46B8A85C2BEE42160036FB5C /* Notification + Ext.swift in Sources */,
				46B8A85A2BEE120B0036FB5C /* UIViewController+Ext.swift in Sources */,
			);
			runOnlyForDeploymentPostprocessing = 0;
		};
		4610454D2BE37C880096CC90 /* Sources */ = {
			isa = PBXSourcesBuildPhase;
			buildActionMask = 2147483647;
			files = (
				461045562BE37C880096CC90 /* CoinTakipTests.swift in Sources */,
			);
			runOnlyForDeploymentPostprocessing = 0;
		};
		461045572BE37C880096CC90 /* Sources */ = {
			isa = PBXSourcesBuildPhase;
			buildActionMask = 2147483647;
			files = (
				461045602BE37C880096CC90 /* CoinTakipUITests.swift in Sources */,
				461045622BE37C880096CC90 /* CoinTakipUITestsLaunchTests.swift in Sources */,
			);
			runOnlyForDeploymentPostprocessing = 0;
		};
/* End PBXSourcesBuildPhase section */

/* Begin PBXTargetDependency section */
		461045532BE37C880096CC90 /* PBXTargetDependency */ = {
			isa = PBXTargetDependency;
			target = 461045372BE37C850096CC90 /* CoinTakip */;
			targetProxy = 461045522BE37C880096CC90 /* PBXContainerItemProxy */;
		};
		4610455D2BE37C880096CC90 /* PBXTargetDependency */ = {
			isa = PBXTargetDependency;
			target = 461045372BE37C850096CC90 /* CoinTakip */;
			targetProxy = 4610455C2BE37C880096CC90 /* PBXContainerItemProxy */;
		};
/* End PBXTargetDependency section */

/* Begin PBXVariantGroup section */
		461045412BE37C850096CC90 /* Main.storyboard */ = {
			isa = PBXVariantGroup;
			children = (
				461045422BE37C850096CC90 /* Base */,
			);
			name = Main.storyboard;
			sourceTree = "<group>";
		};
		461045492BE37C880096CC90 /* LaunchScreen.storyboard */ = {
			isa = PBXVariantGroup;
			children = (
				4610454A2BE37C880096CC90 /* Base */,
			);
			name = LaunchScreen.storyboard;
			sourceTree = "<group>";
		};
/* End PBXVariantGroup section */

/* Begin XCBuildConfiguration section */
		461045632BE37C880096CC90 /* Debug */ = {
			isa = XCBuildConfiguration;
			buildSettings = {
				ALWAYS_SEARCH_USER_PATHS = NO;
				ASSETCATALOG_COMPILER_GENERATE_SWIFT_ASSET_SYMBOL_EXTENSIONS = YES;
				CLANG_ANALYZER_NONNULL = YES;
				CLANG_ANALYZER_NUMBER_OBJECT_CONVERSION = YES_AGGRESSIVE;
				CLANG_CXX_LANGUAGE_STANDARD = "gnu++20";
				CLANG_ENABLE_MODULES = YES;
				CLANG_ENABLE_OBJC_ARC = YES;
				CLANG_ENABLE_OBJC_WEAK = YES;
				CLANG_WARN_BLOCK_CAPTURE_AUTORELEASING = YES;
				CLANG_WARN_BOOL_CONVERSION = YES;
				CLANG_WARN_COMMA = YES;
				CLANG_WARN_CONSTANT_CONVERSION = YES;
				CLANG_WARN_DEPRECATED_OBJC_IMPLEMENTATIONS = YES;
				CLANG_WARN_DIRECT_OBJC_ISA_USAGE = YES_ERROR;
				CLANG_WARN_DOCUMENTATION_COMMENTS = YES;
				CLANG_WARN_EMPTY_BODY = YES;
				CLANG_WARN_ENUM_CONVERSION = YES;
				CLANG_WARN_INFINITE_RECURSION = YES;
				CLANG_WARN_INT_CONVERSION = YES;
				CLANG_WARN_NON_LITERAL_NULL_CONVERSION = YES;
				CLANG_WARN_OBJC_IMPLICIT_RETAIN_SELF = YES;
				CLANG_WARN_OBJC_LITERAL_CONVERSION = YES;
				CLANG_WARN_OBJC_ROOT_CLASS = YES_ERROR;
				CLANG_WARN_QUOTED_INCLUDE_IN_FRAMEWORK_HEADER = YES;
				CLANG_WARN_RANGE_LOOP_ANALYSIS = YES;
				CLANG_WARN_STRICT_PROTOTYPES = YES;
				CLANG_WARN_SUSPICIOUS_MOVE = YES;
				CLANG_WARN_UNGUARDED_AVAILABILITY = YES_AGGRESSIVE;
				CLANG_WARN_UNREACHABLE_CODE = YES;
				CLANG_WARN__DUPLICATE_METHOD_MATCH = YES;
				COPY_PHASE_STRIP = NO;
				DEBUG_INFORMATION_FORMAT = dwarf;
				ENABLE_STRICT_OBJC_MSGSEND = YES;
				ENABLE_TESTABILITY = YES;
				ENABLE_USER_SCRIPT_SANDBOXING = YES;
				GCC_C_LANGUAGE_STANDARD = gnu17;
				GCC_DYNAMIC_NO_PIC = NO;
				GCC_NO_COMMON_BLOCKS = YES;
				GCC_OPTIMIZATION_LEVEL = 0;
				GCC_PREPROCESSOR_DEFINITIONS = (
					"DEBUG=1",
					"$(inherited)",
				);
				GCC_WARN_64_TO_32_BIT_CONVERSION = YES;
				GCC_WARN_ABOUT_RETURN_TYPE = YES_ERROR;
				GCC_WARN_UNDECLARED_SELECTOR = YES;
				GCC_WARN_UNINITIALIZED_AUTOS = YES_AGGRESSIVE;
				GCC_WARN_UNUSED_FUNCTION = YES;
				GCC_WARN_UNUSED_VARIABLE = YES;
				IPHONEOS_DEPLOYMENT_TARGET = 17.4;
				LOCALIZATION_PREFERS_STRING_CATALOGS = YES;
				MTL_ENABLE_DEBUG_INFO = INCLUDE_SOURCE;
				MTL_FAST_MATH = YES;
				ONLY_ACTIVE_ARCH = YES;
				SDKROOT = iphoneos;
				SWIFT_ACTIVE_COMPILATION_CONDITIONS = "DEBUG $(inherited)";
				SWIFT_OPTIMIZATION_LEVEL = "-Onone";
			};
			name = Debug;
		};
		461045642BE37C880096CC90 /* Release */ = {
			isa = XCBuildConfiguration;
			buildSettings = {
				ALWAYS_SEARCH_USER_PATHS = NO;
				ASSETCATALOG_COMPILER_GENERATE_SWIFT_ASSET_SYMBOL_EXTENSIONS = YES;
				CLANG_ANALYZER_NONNULL = YES;
				CLANG_ANALYZER_NUMBER_OBJECT_CONVERSION = YES_AGGRESSIVE;
				CLANG_CXX_LANGUAGE_STANDARD = "gnu++20";
				CLANG_ENABLE_MODULES = YES;
				CLANG_ENABLE_OBJC_ARC = YES;
				CLANG_ENABLE_OBJC_WEAK = YES;
				CLANG_WARN_BLOCK_CAPTURE_AUTORELEASING = YES;
				CLANG_WARN_BOOL_CONVERSION = YES;
				CLANG_WARN_COMMA = YES;
				CLANG_WARN_CONSTANT_CONVERSION = YES;
				CLANG_WARN_DEPRECATED_OBJC_IMPLEMENTATIONS = YES;
				CLANG_WARN_DIRECT_OBJC_ISA_USAGE = YES_ERROR;
				CLANG_WARN_DOCUMENTATION_COMMENTS = YES;
				CLANG_WARN_EMPTY_BODY = YES;
				CLANG_WARN_ENUM_CONVERSION = YES;
				CLANG_WARN_INFINITE_RECURSION = YES;
				CLANG_WARN_INT_CONVERSION = YES;
				CLANG_WARN_NON_LITERAL_NULL_CONVERSION = YES;
				CLANG_WARN_OBJC_IMPLICIT_RETAIN_SELF = YES;
				CLANG_WARN_OBJC_LITERAL_CONVERSION = YES;
				CLANG_WARN_OBJC_ROOT_CLASS = YES_ERROR;
				CLANG_WARN_QUOTED_INCLUDE_IN_FRAMEWORK_HEADER = YES;
				CLANG_WARN_RANGE_LOOP_ANALYSIS = YES;
				CLANG_WARN_STRICT_PROTOTYPES = YES;
				CLANG_WARN_SUSPICIOUS_MOVE = YES;
				CLANG_WARN_UNGUARDED_AVAILABILITY = YES_AGGRESSIVE;
				CLANG_WARN_UNREACHABLE_CODE = YES;
				CLANG_WARN__DUPLICATE_METHOD_MATCH = YES;
				COPY_PHASE_STRIP = NO;
				DEBUG_INFORMATION_FORMAT = "dwarf-with-dsym";
				ENABLE_NS_ASSERTIONS = NO;
				ENABLE_STRICT_OBJC_MSGSEND = YES;
				ENABLE_USER_SCRIPT_SANDBOXING = YES;
				GCC_C_LANGUAGE_STANDARD = gnu17;
				GCC_NO_COMMON_BLOCKS = YES;
				GCC_WARN_64_TO_32_BIT_CONVERSION = YES;
				GCC_WARN_ABOUT_RETURN_TYPE = YES_ERROR;
				GCC_WARN_UNDECLARED_SELECTOR = YES;
				GCC_WARN_UNINITIALIZED_AUTOS = YES_AGGRESSIVE;
				GCC_WARN_UNUSED_FUNCTION = YES;
				GCC_WARN_UNUSED_VARIABLE = YES;
				IPHONEOS_DEPLOYMENT_TARGET = 17.4;
				LOCALIZATION_PREFERS_STRING_CATALOGS = YES;
				MTL_ENABLE_DEBUG_INFO = NO;
				MTL_FAST_MATH = YES;
				SDKROOT = iphoneos;
				SWIFT_COMPILATION_MODE = wholemodule;
				VALIDATE_PRODUCT = YES;
			};
			name = Release;
		};
		461045662BE37C880096CC90 /* Debug */ = {
			isa = XCBuildConfiguration;
			buildSettings = {
				ASSETCATALOG_COMPILER_APPICON_NAME = AppIcon;
				ASSETCATALOG_COMPILER_GLOBAL_ACCENT_COLOR_NAME = AccentColor;
				CODE_SIGN_STYLE = Automatic;
				CURRENT_PROJECT_VERSION = 1;
				DEVELOPMENT_TEAM = H5Z575J4ZY;
				GENERATE_INFOPLIST_FILE = YES;
				INFOPLIST_FILE = CoinTakip/Info.plist;
				INFOPLIST_KEY_UIApplicationSupportsIndirectInputEvents = YES;
				INFOPLIST_KEY_UILaunchStoryboardName = LaunchScreen;
				INFOPLIST_KEY_UIMainStoryboardFile = Main;
				INFOPLIST_KEY_UISupportedInterfaceOrientations_iPad = "UIInterfaceOrientationPortrait UIInterfaceOrientationPortraitUpsideDown UIInterfaceOrientationLandscapeLeft UIInterfaceOrientationLandscapeRight";
				INFOPLIST_KEY_UISupportedInterfaceOrientations_iPhone = "UIInterfaceOrientationPortrait UIInterfaceOrientationLandscapeLeft UIInterfaceOrientationLandscapeRight";
				IPHONEOS_DEPLOYMENT_TARGET = 16.0;
				LD_RUNPATH_SEARCH_PATHS = (
					"$(inherited)",
					"@executable_path/Frameworks",
				);
				MARKETING_VERSION = 1.0;
				PRODUCT_BUNDLE_IDENTIFIER = deneme.CoinTakip;
				PRODUCT_NAME = "$(TARGET_NAME)";
				SWIFT_EMIT_LOC_STRINGS = YES;
				SWIFT_VERSION = 5.0;
				TARGETED_DEVICE_FAMILY = "1,2";
			};
			name = Debug;
		};
		461045672BE37C880096CC90 /* Release */ = {
			isa = XCBuildConfiguration;
			buildSettings = {
				ASSETCATALOG_COMPILER_APPICON_NAME = AppIcon;
				ASSETCATALOG_COMPILER_GLOBAL_ACCENT_COLOR_NAME = AccentColor;
				CODE_SIGN_STYLE = Automatic;
				CURRENT_PROJECT_VERSION = 1;
				DEVELOPMENT_TEAM = H5Z575J4ZY;
				GENERATE_INFOPLIST_FILE = YES;
				INFOPLIST_FILE = CoinTakip/Info.plist;
				INFOPLIST_KEY_UIApplicationSupportsIndirectInputEvents = YES;
				INFOPLIST_KEY_UILaunchStoryboardName = LaunchScreen;
				INFOPLIST_KEY_UIMainStoryboardFile = Main;
				INFOPLIST_KEY_UISupportedInterfaceOrientations_iPad = "UIInterfaceOrientationPortrait UIInterfaceOrientationPortraitUpsideDown UIInterfaceOrientationLandscapeLeft UIInterfaceOrientationLandscapeRight";
				INFOPLIST_KEY_UISupportedInterfaceOrientations_iPhone = "UIInterfaceOrientationPortrait UIInterfaceOrientationLandscapeLeft UIInterfaceOrientationLandscapeRight";
				IPHONEOS_DEPLOYMENT_TARGET = 16.0;
				LD_RUNPATH_SEARCH_PATHS = (
					"$(inherited)",
					"@executable_path/Frameworks",
				);
				MARKETING_VERSION = 1.0;
				PRODUCT_BUNDLE_IDENTIFIER = deneme.CoinTakip;
				PRODUCT_NAME = "$(TARGET_NAME)";
				SWIFT_EMIT_LOC_STRINGS = YES;
				SWIFT_VERSION = 5.0;
				TARGETED_DEVICE_FAMILY = "1,2";
			};
			name = Release;
		};
		461045692BE37C880096CC90 /* Debug */ = {
			isa = XCBuildConfiguration;
			buildSettings = {
				ALWAYS_EMBED_SWIFT_STANDARD_LIBRARIES = YES;
				BUNDLE_LOADER = "$(TEST_HOST)";
				CODE_SIGN_STYLE = Automatic;
				CURRENT_PROJECT_VERSION = 1;
				DEVELOPMENT_TEAM = H5Z575J4ZY;
				GENERATE_INFOPLIST_FILE = YES;
				IPHONEOS_DEPLOYMENT_TARGET = 17.4;
				MARKETING_VERSION = 1.0;
				PRODUCT_BUNDLE_IDENTIFIER = deneme.CoinTakipTests;
				PRODUCT_NAME = "$(TARGET_NAME)";
				SWIFT_EMIT_LOC_STRINGS = NO;
				SWIFT_VERSION = 5.0;
				TARGETED_DEVICE_FAMILY = "1,2";
				TEST_HOST = "$(BUILT_PRODUCTS_DIR)/CoinTakip.app/$(BUNDLE_EXECUTABLE_FOLDER_PATH)/CoinTakip";
			};
			name = Debug;
		};
		4610456A2BE37C880096CC90 /* Release */ = {
			isa = XCBuildConfiguration;
			buildSettings = {
				ALWAYS_EMBED_SWIFT_STANDARD_LIBRARIES = YES;
				BUNDLE_LOADER = "$(TEST_HOST)";
				CODE_SIGN_STYLE = Automatic;
				CURRENT_PROJECT_VERSION = 1;
				DEVELOPMENT_TEAM = H5Z575J4ZY;
				GENERATE_INFOPLIST_FILE = YES;
				IPHONEOS_DEPLOYMENT_TARGET = 17.4;
				MARKETING_VERSION = 1.0;
				PRODUCT_BUNDLE_IDENTIFIER = deneme.CoinTakipTests;
				PRODUCT_NAME = "$(TARGET_NAME)";
				SWIFT_EMIT_LOC_STRINGS = NO;
				SWIFT_VERSION = 5.0;
				TARGETED_DEVICE_FAMILY = "1,2";
				TEST_HOST = "$(BUILT_PRODUCTS_DIR)/CoinTakip.app/$(BUNDLE_EXECUTABLE_FOLDER_PATH)/CoinTakip";
			};
			name = Release;
		};
		4610456C2BE37C880096CC90 /* Debug */ = {
			isa = XCBuildConfiguration;
			buildSettings = {
				ALWAYS_EMBED_SWIFT_STANDARD_LIBRARIES = YES;
				CODE_SIGN_STYLE = Automatic;
				CURRENT_PROJECT_VERSION = 1;
				DEVELOPMENT_TEAM = H5Z575J4ZY;
				GENERATE_INFOPLIST_FILE = YES;
				MARKETING_VERSION = 1.0;
				PRODUCT_BUNDLE_IDENTIFIER = deneme.CoinTakipUITests;
				PRODUCT_NAME = "$(TARGET_NAME)";
				SWIFT_EMIT_LOC_STRINGS = NO;
				SWIFT_VERSION = 5.0;
				TARGETED_DEVICE_FAMILY = "1,2";
				TEST_TARGET_NAME = CoinTakip;
			};
			name = Debug;
		};
		4610456D2BE37C880096CC90 /* Release */ = {
			isa = XCBuildConfiguration;
			buildSettings = {
				ALWAYS_EMBED_SWIFT_STANDARD_LIBRARIES = YES;
				CODE_SIGN_STYLE = Automatic;
				CURRENT_PROJECT_VERSION = 1;
				DEVELOPMENT_TEAM = H5Z575J4ZY;
				GENERATE_INFOPLIST_FILE = YES;
				MARKETING_VERSION = 1.0;
				PRODUCT_BUNDLE_IDENTIFIER = deneme.CoinTakipUITests;
				PRODUCT_NAME = "$(TARGET_NAME)";
				SWIFT_EMIT_LOC_STRINGS = NO;
				SWIFT_VERSION = 5.0;
				TARGETED_DEVICE_FAMILY = "1,2";
				TEST_TARGET_NAME = CoinTakip;
			};
			name = Release;
		};
/* End XCBuildConfiguration section */

/* Begin XCConfigurationList section */
		461045332BE37C850096CC90 /* Build configuration list for PBXProject "CoinTakip" */ = {
			isa = XCConfigurationList;
			buildConfigurations = (
				461045632BE37C880096CC90 /* Debug */,
				461045642BE37C880096CC90 /* Release */,
			);
			defaultConfigurationIsVisible = 0;
			defaultConfigurationName = Release;
		};
		461045652BE37C880096CC90 /* Build configuration list for PBXNativeTarget "CoinTakip" */ = {
			isa = XCConfigurationList;
			buildConfigurations = (
				461045662BE37C880096CC90 /* Debug */,
				461045672BE37C880096CC90 /* Release */,
			);
			defaultConfigurationIsVisible = 0;
			defaultConfigurationName = Release;
		};
		461045682BE37C880096CC90 /* Build configuration list for PBXNativeTarget "CoinTakipTests" */ = {
			isa = XCConfigurationList;
			buildConfigurations = (
				461045692BE37C880096CC90 /* Debug */,
				4610456A2BE37C880096CC90 /* Release */,
			);
			defaultConfigurationIsVisible = 0;
			defaultConfigurationName = Release;
		};
		4610456B2BE37C880096CC90 /* Build configuration list for PBXNativeTarget "CoinTakipUITests" */ = {
			isa = XCConfigurationList;
			buildConfigurations = (
				4610456C2BE37C880096CC90 /* Debug */,
				4610456D2BE37C880096CC90 /* Release */,
			);
			defaultConfigurationIsVisible = 0;
			defaultConfigurationName = Release;
		};
/* End XCConfigurationList section */

/* Begin XCRemoteSwiftPackageReference section */
		46101D9B2BE38B4900AD3B9B /* XCRemoteSwiftPackageReference "Alamofire" */ = {
			isa = XCRemoteSwiftPackageReference;
			repositoryURL = "https://github.com/Alamofire/Alamofire.git";
			requirement = {
				kind = upToNextMajorVersion;
				minimumVersion = 5.9.1;
			};
		};
		468FD2702BE39EA700F582F5 /* XCRemoteSwiftPackageReference "Kingfisher" */ = {
			isa = XCRemoteSwiftPackageReference;
			repositoryURL = "https://github.com/onevcat/Kingfisher.git";
			requirement = {
				kind = upToNextMajorVersion;
				minimumVersion = 7.11.0;
			};
		};
		468FD2732BE3B63E00F582F5 /* XCRemoteSwiftPackageReference "SVGKit" */ = {
			isa = XCRemoteSwiftPackageReference;
			repositoryURL = "https://github.com/SVGKit/SVGKit.git";
			requirement = {
				kind = upToNextMajorVersion;
				minimumVersion = 3.0.0;
			};
		};
/* End XCRemoteSwiftPackageReference section */

/* Begin XCSwiftPackageProductDependency section */
		46101D9C2BE38B4900AD3B9B /* Alamofire */ = {
			isa = XCSwiftPackageProductDependency;
			package = 46101D9B2BE38B4900AD3B9B /* XCRemoteSwiftPackageReference "Alamofire" */;
			productName = Alamofire;
		};
		46101D9E2BE38B4900AD3B9B /* AlamofireDynamic */ = {
			isa = XCSwiftPackageProductDependency;
			package = 46101D9B2BE38B4900AD3B9B /* XCRemoteSwiftPackageReference "Alamofire" */;
			productName = AlamofireDynamic;
		};
		468FD2712BE39EA700F582F5 /* Kingfisher */ = {
			isa = XCSwiftPackageProductDependency;
			package = 468FD2702BE39EA700F582F5 /* XCRemoteSwiftPackageReference "Kingfisher" */;
			productName = Kingfisher;
		};
		468FD2742BE3B63E00F582F5 /* SVGKit */ = {
			isa = XCSwiftPackageProductDependency;
			package = 468FD2732BE3B63E00F582F5 /* XCRemoteSwiftPackageReference "SVGKit" */;
			productName = SVGKit;
		};
		468FD2762BE3B63E00F582F5 /* SVGKitSwift */ = {
			isa = XCSwiftPackageProductDependency;
			package = 468FD2732BE3B63E00F582F5 /* XCRemoteSwiftPackageReference "SVGKit" */;
			productName = SVGKitSwift;
		};
/* End XCSwiftPackageProductDependency section */

/* Begin XCVersionGroup section */
		461045442BE37C850096CC90 /* CoinTakip.xcdatamodeld */ = {
			isa = XCVersionGroup;
			children = (
				461045452BE37C850096CC90 /* CoinTakip.xcdatamodel */,
			);
			currentVersion = 461045452BE37C850096CC90 /* CoinTakip.xcdatamodel */;
			path = CoinTakip.xcdatamodeld;
			sourceTree = "<group>";
			versionGroupType = wrapper.xcdatamodel;
		};
/* End XCVersionGroup section */
	};
	rootObject = 461045302BE37C850096CC90 /* Project object */;
}
